
Microsoft Visual Studio Solution File, Format Version 12.00
# Visual Studio Version 16
VisualStudioVersion = 16.0.29409.12
MinimumVisualStudioVersion = 10.0.40219.1
Project("{FAE04EC0-301F-11D3-BF4B-00C04F79EFBC}") = "YLILSaveFileEditor", "YLILSaveFileEditor\YLILSaveFileEditor.csproj", "{F86930F4-EC93-4DC7-BE66-1FE28A29B72D}"
EndProject
Global
	GlobalSection(SolutionConfigurationPlatforms) = preSolution
		Debug|Any CPU = Debug|Any CPU
		Release|Any CPU = Release|Any CPU
	EndGlobalSection
	GlobalSection(ProjectConfigurationPlatforms) = postSolution
		{F86930F4-EC93-4DC7-BE66-1FE28A29B72D}.Debug|Any CPU.ActiveCfg = Debug|Any CPU
		{F86930F4-EC93-4DC7-BE66-1FE28A29B72D}.Debug|Any CPU.Build.0 = Debug|Any CPU
		{F86930F4-EC93-4DC7-BE66-1FE28A29B72D}.Release|Any CPU.ActiveCfg = Release|Any CPU
		{F86930F4-EC93-4DC7-BE66-1FE28A29B72D}.Release|Any CPU.Build.0 = Release|Any CPU
	EndGlobalSection
	GlobalSection(SolutionProperties) = preSolution
		HideSolutionNode = FALSE
	EndGlobalSection
	GlobalSection(ExtensibilityGlobals) = postSolution
		SolutionGuid = {9EC7E497-7435-4AF5-95E8-9BA79D508267}
	EndGlobalSection
EndGlobal
